// !$*UTF8*$!
{
	archiveVersion = 1;
	classes = {
	};
	objectVersion = 77;
	objects = {

/* Begin PBXBuildFile section */
		2A0BD8ED2E14BB9B0029B6DB /* ServicesContainer.swift in Sources */ = {isa = PBXBuildFile; fileRef = 2A0BD8EC2E14BB9B0029B6DB /* ServicesContainer.swift */; };
		2A0BD8EF2E14DA2A0029B6DB /* RootView.swift in Sources */ = {isa = PBXBuildFile; fileRef = 2A0BD8EE2E14DA290029B6DB /* RootView.swift */; };
		2A0BD8F12E14DCC20029B6DB /* NavigationState.swift in Sources */ = {isa = PBXBuildFile; fileRef = 2A0BD8F02E14DCC00029B6DB /* NavigationState.swift */; };
		2A0BD8F32E14DFA80029B6DB /* DebugNavigationView.swift in Sources */ = {isa = PBXBuildFile; fileRef = 2A0BD8F22E14DFA60029B6DB /* DebugNavigationView.swift */; };
		2A0BD8F82E14FFC80029B6DB /* AppDelegate.swift in Sources */ = {isa = PBXBuildFile; fileRef = 2A0BD8F72E14FFBE0029B6DB /* AppDelegate.swift */; };
		2A0BD8FA2E1503CF0029B6DB /* AffirmationCache.swift in Sources */ = {isa = PBXBuildFile; fileRef = 2A0BD8F92E1503CD0029B6DB /* AffirmationCache.swift */; };
		2A0BD8FC2E1503FF0029B6DB /* AffirmationCacheManager.swift in Sources */ = {isa = PBXBuildFile; fileRef = 2A0BD8FB2E1503FD0029B6DB /* AffirmationCacheManager.swift */; };
		2A0BD8FE2E1506E20029B6DB /* EmptyStateView.swift in Sources */ = {isa = PBXBuildFile; fileRef = 2A0BD8FD2E1506E10029B6DB /* EmptyStateView.swift */; };
		2A903DD22E147133003FC209 /* AffirmationWatchView.swift in Sources */ = {isa = PBXBuildFile; fileRef = 2A903DCC2E147133003FC209 /* AffirmationWatchView.swift */; };
		2A903DD32E147133003FC209 /* ContentView.swift in Sources */ = {isa = PBXBuildFile; fileRef = 2A903DCE2E147133003FC209 /* ContentView.swift */; };
		2A903DD42E147133003FC209 /* EchoMe_Affirmations_Watch_AppApp.swift in Sources */ = {isa = PBXBuildFile; fileRef = 2A903DCF2E147133003FC209 /* EchoMe_Affirmations_Watch_AppApp.swift */; };
		2A903DD52E147133003FC209 /* WatchConnectivityManager.swift in Sources */ = {isa = PBXBuildFile; fileRef = 2A903DD02E147133003FC209 /* WatchConnectivityManager.swift */; };
		2A903DD62E147133003FC209 /* Assets.xcassets in Resources */ = {isa = PBXBuildFile; fileRef = 2A903DCD2E147133003FC209 /* Assets.xcassets */; };
		2A903DDB2E1473C9003FC209 /* FavoritesManager.swift in Sources */ = {isa = PBXBuildFile; fileRef = 2A903DDA2E1473C5003FC209 /* FavoritesManager.swift */; };
		2AA8CF272E13718B003B2C59 /* FirebaseAuth in Frameworks */ = {isa = PBXBuildFile; productRef = 2AA8CF262E13718B003B2C59 /* FirebaseAuth */; };
		2AA8CF292E13718B003B2C59 /* FirebaseFirestore in Frameworks */ = {isa = PBXBuildFile; productRef = 2AA8CF282E13718B003B2C59 /* FirebaseFirestore */; };
		2AA8CF4D2E1427F2003B2C59 /* AuthenticationView.swift in Sources */ = {isa = PBXBuildFile; fileRef = 2AA8CF412E1427F2003B2C59 /* AuthenticationView.swift */; };
		2AA8CF4E2E1427F2003B2C59 /* ContentView.swift in Sources */ = {isa = PBXBuildFile; fileRef = 2AA8CF422E1427F2003B2C59 /* ContentView.swift */; };
		2AA8CF4F2E1427F2003B2C59 /* EchoMe_AffirmationsApp.swift in Sources */ = {isa = PBXBuildFile; fileRef = 2AA8CF442E1427F2003B2C59 /* EchoMe_AffirmationsApp.swift */; };
		2AA8CF502E1427F2003B2C59 /* FavoritesView.swift in Sources */ = {isa = PBXBuildFile; fileRef = 2AA8CF452E1427F2003B2C59 /* FavoritesView.swift */; };
		2AA8CF522E1427F2003B2C59 /* MockDataProvider.swift in Sources */ = {isa = PBXBuildFile; fileRef = 2AA8CF482E1427F2003B2C59 /* MockDataProvider.swift */; };
		2AA8CF532E1427F2003B2C59 /* OnboardingView.swift in Sources */ = {isa = PBXBuildFile; fileRef = 2AA8CF492E1427F2003B2C59 /* OnboardingView.swift */; };
		2AA8CF542E1427F2003B2C59 /* SpeechManager.swift in Sources */ = {isa = PBXBuildFile; fileRef = 2AA8CF4A2E1427F2003B2C59 /* SpeechManager.swift */; };
		2AA8CF552E1427F2003B2C59 /* VoiceSettingsView.swift in Sources */ = {isa = PBXBuildFile; fileRef = 2AA8CF4B2E1427F2003B2C59 /* VoiceSettingsView.swift */; };
		2AA8CF562E1427F2003B2C59 /* Assets.xcassets in Resources */ = {isa = PBXBuildFile; fileRef = 2AA8CF402E1427F2003B2C59 /* Assets.xcassets */; };
		2AA8CF572E1427F2003B2C59 /* GoogleService-Info.plist in Resources */ = {isa = PBXBuildFile; fileRef = 2AA8CF462E1427F2003B2C59 /* GoogleService-Info.plist */; };
		2AA8CF652E142937003B2C59 /* User.swift in Sources */ = {isa = PBXBuildFile; fileRef = 2AA8CF642E142935003B2C59 /* User.swift */; };
		2AA8CF672E142945003B2C59 /* Affirmation.swift in Sources */ = {isa = PBXBuildFile; fileRef = 2AA8CF662E142943003B2C59 /* Affirmation.swift */; };
		2AA8CF692E142953003B2C59 /* VoiceProfile.swift in Sources */ = {isa = PBXBuildFile; fileRef = 2AA8CF682E142952003B2C59 /* VoiceProfile.swift */; };
		2AA8CF712E142A51003B2C59 /* AffirmationCard.swift in Sources */ = {isa = PBXBuildFile; fileRef = 2AA8CF702E142A49003B2C59 /* AffirmationCard.swift */; };
		2AA8CF732E142A83003B2C59 /* AuthManager.swift in Sources */ = {isa = PBXBuildFile; fileRef = 2AA8CF722E142A7F003B2C59 /* AuthManager.swift */; };
		2AA8CF752E142A99003B2C59 /* FirebaseService.swift in Sources */ = {isa = PBXBuildFile; fileRef = 2AA8CF742E142A96003B2C59 /* FirebaseService.swift */; };
		2AA8CF9A2E142DD0003B2C59 /* EchoMe-Affirmations Watch App Watch App.app in Embed Watch Content */ = {isa = PBXBuildFile; fileRef = 2AA8CF7A2E142DCF003B2C59 /* EchoMe-Affirmations Watch App Watch App.app */; settings = {ATTRIBUTES = (RemoveHeadersOnCopy, ); }; };
		2AA8CFA52E142F30003B2C59 /* MockDataProvider.swift in Sources */ = {isa = PBXBuildFile; fileRef = 2AA8CF482E1427F2003B2C59 /* MockDataProvider.swift */; };
		2AA8CFA62E142F30003B2C59 /* VoiceProfile.swift in Sources */ = {isa = PBXBuildFile; fileRef = 2AA8CF682E142952003B2C59 /* VoiceProfile.swift */; };
		2AA8CFA72E142F30003B2C59 /* Affirmation.swift in Sources */ = {isa = PBXBuildFile; fileRef = 2AA8CF662E142943003B2C59 /* Affirmation.swift */; };
		2AA8CFAA2E14383C003B2C59 /* Affirmation+Firestore.swift in Sources */ = {isa = PBXBuildFile; fileRef = 2AA8CFA82E143838003B2C59 /* Affirmation+Firestore.swift */; };
		2AA8CFAF2E1448AB003B2C59 /* WatchConnectivityManager.swift in Sources */ = {isa = PBXBuildFile; fileRef = 2AA8CFAE2E1448A9003B2C59 /* WatchConnectivityManager.swift */; };
		2AD38D9E2E14A08900A284A2 /* WatchConnectivityProtocol.swift in Sources */ = {isa = PBXBuildFile; fileRef = 2AD38D9D2E14A08900A284A2 /* WatchConnectivityProtocol.swift */; };
		2AD38D9F2E14A08900A284A2 /* WatchConnectivityProtocol.swift in Sources */ = {isa = PBXBuildFile; fileRef = 2AD38D9D2E14A08900A284A2 /* WatchConnectivityProtocol.swift */; };
		2AD38DA22E14AFE900A284A2 /* ProfileView.swift in Sources */ = {isa = PBXBuildFile; fileRef = 2AD38DA12E14AFE500A284A2 /* ProfileView.swift */; };
		2AD38DA42E14B00800A284A2 /* OnboardingCategoriesView.swift in Sources */ = {isa = PBXBuildFile; fileRef = 2AD38DA32E14B00600A284A2 /* OnboardingCategoriesView.swift */; };
/* End PBXBuildFile section */

/* Begin PBXContainerItemProxy section */
		2AA8CF072E136F5A003B2C59 /* PBXContainerItemProxy */ = {
			isa = PBXContainerItemProxy;
			containerPortal = 2AA8CEEE2E136F58003B2C59 /* Project object */;
			proxyType = 1;
			remoteGlobalIDString = 2AA8CEF52E136F58003B2C59;
			remoteInfo = "EchoMe-Affirmations";
		};
		2AA8CF112E136F5A003B2C59 /* PBXContainerItemProxy */ = {
			isa = PBXContainerItemProxy;
			containerPortal = 2AA8CEEE2E136F58003B2C59 /* Project object */;
			proxyType = 1;
			remoteGlobalIDString = 2AA8CEF52E136F58003B2C59;
			remoteInfo = "EchoMe-Affirmations";
		};
		2AA8CF872E142DD0003B2C59 /* PBXContainerItemProxy */ = {
			isa = PBXContainerItemProxy;
			containerPortal = 2AA8CEEE2E136F58003B2C59 /* Project object */;
			proxyType = 1;
			remoteGlobalIDString = 2AA8CF792E142DCF003B2C59;
			remoteInfo = "EchoMe-Affirmations Watch App Watch App";
		};
		2AA8CF912E142DD0003B2C59 /* PBXContainerItemProxy */ = {
			isa = PBXContainerItemProxy;
			containerPortal = 2AA8CEEE2E136F58003B2C59 /* Project object */;
			proxyType = 1;
			remoteGlobalIDString = 2AA8CF792E142DCF003B2C59;
			remoteInfo = "EchoMe-Affirmations Watch App Watch App";
		};
		2AA8CF982E142DD0003B2C59 /* PBXContainerItemProxy */ = {
			isa = PBXContainerItemProxy;
			containerPortal = 2AA8CEEE2E136F58003B2C59 /* Project object */;
			proxyType = 1;
			remoteGlobalIDString = 2AA8CF792E142DCF003B2C59;
			remoteInfo = "EchoMe-Affirmations Watch App Watch App";
		};
/* End PBXContainerItemProxy section */

/* Begin PBXCopyFilesBuildPhase section */
		2AA8CF9E2E142DD0003B2C59 /* Embed Watch Content */ = {
			isa = PBXCopyFilesBuildPhase;
			buildActionMask = 2147483647;
			dstPath = "$(CONTENTS_FOLDER_PATH)/Watch";
			dstSubfolderSpec = 16;
			files = (
				2AA8CF9A2E142DD0003B2C59 /* EchoMe-Affirmations Watch App Watch App.app in Embed Watch Content */,
			);
			name = "Embed Watch Content";
			runOnlyForDeploymentPostprocessing = 0;
		};
/* End PBXCopyFilesBuildPhase section */

/* Begin PBXFileReference section */
		2A0BD8EC2E14BB9B0029B6DB /* ServicesContainer.swift */ = {isa = PBXFileReference; lastKnownFileType = sourcecode.swift; path = ServicesContainer.swift; sourceTree = "<group>"; };
		2A0BD8EE2E14DA290029B6DB /* RootView.swift */ = {isa = PBXFileReference; lastKnownFileType = sourcecode.swift; path = RootView.swift; sourceTree = "<group>"; };
		2A0BD8F02E14DCC00029B6DB /* NavigationState.swift */ = {isa = PBXFileReference; lastKnownFileType = sourcecode.swift; path = NavigationState.swift; sourceTree = "<group>"; };
		2A0BD8F22E14DFA60029B6DB /* DebugNavigationView.swift */ = {isa = PBXFileReference; lastKnownFileType = sourcecode.swift; path = DebugNavigationView.swift; sourceTree = "<group>"; };
		2A0BD8F72E14FFBE0029B6DB /* AppDelegate.swift */ = {isa = PBXFileReference; lastKnownFileType = sourcecode.swift; path = AppDelegate.swift; sourceTree = "<group>"; };
		2A0BD8F92E1503CD0029B6DB /* AffirmationCache.swift */ = {isa = PBXFileReference; lastKnownFileType = sourcecode.swift; path = AffirmationCache.swift; sourceTree = "<group>"; };
		2A0BD8FB2E1503FD0029B6DB /* AffirmationCacheManager.swift */ = {isa = PBXFileReference; lastKnownFileType = sourcecode.swift; path = AffirmationCacheManager.swift; sourceTree = "<group>"; };
		2A0BD8FD2E1506E10029B6DB /* EmptyStateView.swift */ = {isa = PBXFileReference; lastKnownFileType = sourcecode.swift; path = EmptyStateView.swift; sourceTree = "<group>"; };
		2A903DCC2E147133003FC209 /* AffirmationWatchView.swift */ = {isa = PBXFileReference; lastKnownFileType = sourcecode.swift; path = AffirmationWatchView.swift; sourceTree = "<group>"; };
		2A903DCD2E147133003FC209 /* Assets.xcassets */ = {isa = PBXFileReference; lastKnownFileType = folder.assetcatalog; path = Assets.xcassets; sourceTree = "<group>"; };
		2A903DCE2E147133003FC209 /* ContentView.swift */ = {isa = PBXFileReference; lastKnownFileType = sourcecode.swift; path = ContentView.swift; sourceTree = "<group>"; };
		2A903DCF2E147133003FC209 /* EchoMe_Affirmations_Watch_AppApp.swift */ = {isa = PBXFileReference; lastKnownFileType = sourcecode.swift; path = EchoMe_Affirmations_Watch_AppApp.swift; sourceTree = "<group>"; };
		2A903DD02E147133003FC209 /* WatchConnectivityManager.swift */ = {isa = PBXFileReference; lastKnownFileType = sourcecode.swift; path = WatchConnectivityManager.swift; sourceTree = "<group>"; };
		2A903DDA2E1473C5003FC209 /* FavoritesManager.swift */ = {isa = PBXFileReference; lastKnownFileType = sourcecode.swift; path = FavoritesManager.swift; sourceTree = "<group>"; };
		2AA8CEF62E136F58003B2C59 /* EchoMe-Affirmations.app */ = {isa = PBXFileReference; explicitFileType = wrapper.application; includeInIndex = 0; path = "EchoMe-Affirmations.app"; sourceTree = BUILT_PRODUCTS_DIR; };
		2AA8CF062E136F5A003B2C59 /* EchoMe-AffirmationsTests.xctest */ = {isa = PBXFileReference; explicitFileType = wrapper.cfbundle; includeInIndex = 0; path = "EchoMe-AffirmationsTests.xctest"; sourceTree = BUILT_PRODUCTS_DIR; };
		2AA8CF102E136F5A003B2C59 /* EchoMe-AffirmationsUITests.xctest */ = {isa = PBXFileReference; explicitFileType = wrapper.cfbundle; includeInIndex = 0; path = "EchoMe-AffirmationsUITests.xctest"; sourceTree = BUILT_PRODUCTS_DIR; };
		2AA8CF402E1427F2003B2C59 /* Assets.xcassets */ = {isa = PBXFileReference; lastKnownFileType = folder.assetcatalog; path = Assets.xcassets; sourceTree = "<group>"; };
		2AA8CF412E1427F2003B2C59 /* AuthenticationView.swift */ = {isa = PBXFileReference; lastKnownFileType = sourcecode.swift; path = AuthenticationView.swift; sourceTree = "<group>"; };
		2AA8CF422E1427F2003B2C59 /* ContentView.swift */ = {isa = PBXFileReference; lastKnownFileType = sourcecode.swift; path = ContentView.swift; sourceTree = "<group>"; };
		2AA8CF432E1427F2003B2C59 /* EchoMe_Affirmations.entitlements */ = {isa = PBXFileReference; lastKnownFileType = text.plist.entitlements; path = EchoMe_Affirmations.entitlements; sourceTree = "<group>"; };
		2AA8CF442E1427F2003B2C59 /* EchoMe_AffirmationsApp.swift */ = {isa = PBXFileReference; lastKnownFileType = sourcecode.swift; path = EchoMe_AffirmationsApp.swift; sourceTree = "<group>"; };
		2AA8CF452E1427F2003B2C59 /* FavoritesView.swift */ = {isa = PBXFileReference; lastKnownFileType = sourcecode.swift; path = FavoritesView.swift; sourceTree = "<group>"; };
		2AA8CF462E1427F2003B2C59 /* GoogleService-Info.plist */ = {isa = PBXFileReference; lastKnownFileType = text.plist.xml; path = "GoogleService-Info.plist"; sourceTree = "<group>"; };
		2AA8CF482E1427F2003B2C59 /* MockDataProvider.swift */ = {isa = PBXFileReference; lastKnownFileType = sourcecode.swift; path = MockDataProvider.swift; sourceTree = "<group>"; };
		2AA8CF492E1427F2003B2C59 /* OnboardingView.swift */ = {isa = PBXFileReference; lastKnownFileType = sourcecode.swift; path = OnboardingView.swift; sourceTree = "<group>"; };
		2AA8CF4A2E1427F2003B2C59 /* SpeechManager.swift */ = {isa = PBXFileReference; lastKnownFileType = sourcecode.swift; path = SpeechManager.swift; sourceTree = "<group>"; };
		2AA8CF4B2E1427F2003B2C59 /* VoiceSettingsView.swift */ = {isa = PBXFileReference; lastKnownFileType = sourcecode.swift; path = VoiceSettingsView.swift; sourceTree = "<group>"; };
		2AA8CF642E142935003B2C59 /* User.swift */ = {isa = PBXFileReference; lastKnownFileType = sourcecode.swift; path = User.swift; sourceTree = "<group>"; };
		2AA8CF662E142943003B2C59 /* Affirmation.swift */ = {isa = PBXFileReference; lastKnownFileType = sourcecode.swift; path = Affirmation.swift; sourceTree = "<group>"; };
		2AA8CF682E142952003B2C59 /* VoiceProfile.swift */ = {isa = PBXFileReference; lastKnownFileType = sourcecode.swift; path = VoiceProfile.swift; sourceTree = "<group>"; };
		2AA8CF702E142A49003B2C59 /* AffirmationCard.swift */ = {isa = PBXFileReference; lastKnownFileType = sourcecode.swift; path = AffirmationCard.swift; sourceTree = "<group>"; };
		2AA8CF722E142A7F003B2C59 /* AuthManager.swift */ = {isa = PBXFileReference; lastKnownFileType = sourcecode.swift; path = AuthManager.swift; sourceTree = "<group>"; };
		2AA8CF742E142A96003B2C59 /* FirebaseService.swift */ = {isa = PBXFileReference; lastKnownFileType = sourcecode.swift; path = FirebaseService.swift; sourceTree = "<group>"; };
		2AA8CF7A2E142DCF003B2C59 /* EchoMe-Affirmations Watch App Watch App.app */ = {isa = PBXFileReference; explicitFileType = wrapper.application; includeInIndex = 0; path = "EchoMe-Affirmations Watch App Watch App.app"; sourceTree = BUILT_PRODUCTS_DIR; };
		2AA8CF862E142DD0003B2C59 /* EchoMe-Affirmations Watch App Watch AppTests.xctest */ = {isa = PBXFileReference; explicitFileType = wrapper.cfbundle; includeInIndex = 0; path = "EchoMe-Affirmations Watch App Watch AppTests.xctest"; sourceTree = BUILT_PRODUCTS_DIR; };
		2AA8CF902E142DD0003B2C59 /* EchoMe-Affirmations Watch App Watch AppUITests.xctest */ = {isa = PBXFileReference; explicitFileType = wrapper.cfbundle; includeInIndex = 0; path = "EchoMe-Affirmations Watch App Watch AppUITests.xctest"; sourceTree = BUILT_PRODUCTS_DIR; };
		2AA8CFA82E143838003B2C59 /* Affirmation+Firestore.swift */ = {isa = PBXFileReference; lastKnownFileType = sourcecode.swift; path = "Affirmation+Firestore.swift"; sourceTree = "<group>"; };
		2AA8CFAE2E1448A9003B2C59 /* WatchConnectivityManager.swift */ = {isa = PBXFileReference; lastKnownFileType = sourcecode.swift; path = WatchConnectivityManager.swift; sourceTree = "<group>"; };
		2AD38D9D2E14A08900A284A2 /* WatchConnectivityProtocol.swift */ = {isa = PBXFileReference; lastKnownFileType = sourcecode.swift; path = WatchConnectivityProtocol.swift; sourceTree = "<group>"; };
		2AD38DA12E14AFE500A284A2 /* ProfileView.swift */ = {isa = PBXFileReference; lastKnownFileType = sourcecode.swift; path = ProfileView.swift; sourceTree = "<group>"; };
		2AD38DA32E14B00600A284A2 /* OnboardingCategoriesView.swift */ = {isa = PBXFileReference; lastKnownFileType = sourcecode.swift; path = OnboardingCategoriesView.swift; sourceTree = "<group>"; };
/* End PBXFileReference section */

/* Begin PBXFileSystemSynchronizedRootGroup section */
		2AA8CF092E136F5A003B2C59 /* EchoMe-AffirmationsTests */ = {
			isa = PBXFileSystemSynchronizedRootGroup;
			path = "EchoMe-AffirmationsTests";
			sourceTree = "<group>";
		};
		2AA8CF132E136F5A003B2C59 /* EchoMe-AffirmationsUITests */ = {
			isa = PBXFileSystemSynchronizedRootGroup;
			path = "EchoMe-AffirmationsUITests";
			sourceTree = "<group>";
		};
		2AA8CF892E142DD0003B2C59 /* EchoMe-Affirmations Watch App Watch AppTests */ = {
			isa = PBXFileSystemSynchronizedRootGroup;
			path = "EchoMe-Affirmations Watch App Watch AppTests";
			sourceTree = "<group>";
		};
		2AA8CF932E142DD0003B2C59 /* EchoMe-Affirmations Watch App Watch AppUITests */ = {
			isa = PBXFileSystemSynchronizedRootGroup;
			path = "EchoMe-Affirmations Watch App Watch AppUITests";
			sourceTree = "<group>";
		};
/* End PBXFileSystemSynchronizedRootGroup section */

/* Begin PBXFrameworksBuildPhase section */
		2AA8CEF32E136F58003B2C59 /* Frameworks */ = {
			isa = PBXFrameworksBuildPhase;
			buildActionMask = 2147483647;
			files = (
				2AA8CF272E13718B003B2C59 /* FirebaseAuth in Frameworks */,
				2AA8CF292E13718B003B2C59 /* FirebaseFirestore in Frameworks */,
			);
			runOnlyForDeploymentPostprocessing = 0;
		};
		2AA8CF032E136F5A003B2C59 /* Frameworks */ = {
			isa = PBXFrameworksBuildPhase;
			buildActionMask = 2147483647;
			files = (
			);
			runOnlyForDeploymentPostprocessing = 0;
		};
		2AA8CF0D2E136F5A003B2C59 /* Frameworks */ = {
			isa = PBXFrameworksBuildPhase;
			buildActionMask = 2147483647;
			files = (
			);
			runOnlyForDeploymentPostprocessing = 0;
		};
		2AA8CF772E142DCF003B2C59 /* Frameworks */ = {
			isa = PBXFrameworksBuildPhase;
			buildActionMask = 2147483647;
			files = (
			);
			runOnlyForDeploymentPostprocessing = 0;
		};
		2AA8CF832E142DD0003B2C59 /* Frameworks */ = {
			isa = PBXFrameworksBuildPhase;
			buildActionMask = 2147483647;
			files = (
			);
			runOnlyForDeploymentPostprocessing = 0;
		};
		2AA8CF8D2E142DD0003B2C59 /* Frameworks */ = {
			isa = PBXFrameworksBuildPhase;
			buildActionMask = 2147483647;
			files = (
			);
			runOnlyForDeploymentPostprocessing = 0;
		};
/* End PBXFrameworksBuildPhase section */

/* Begin PBXGroup section */
		2A903DCB2E14710F003FC209 /* Managers */ = {
			isa = PBXGroup;
			children = (
				2A0BD8FB2E1503FD0029B6DB /* AffirmationCacheManager.swift */,
				2AA8CFAE2E1448A9003B2C59 /* WatchConnectivityManager.swift */,
				2AA8CF4A2E1427F2003B2C59 /* SpeechManager.swift */,
				2A0BD8EC2E14BB9B0029B6DB /* ServicesContainer.swift */,
			);
			path = Managers;
			sourceTree = "<group>";
		};
		2A903DD12E147133003FC209 /* EchoMe-Affirmations Watch App Watch App */ = {
			isa = PBXGroup;
			children = (
				2A903DCF2E147133003FC209 /* EchoMe_Affirmations_Watch_AppApp.swift */,
				2A903DD92E14716D003FC209 /* Views */,
				2A903DD72E147149003FC209 /* Services */,
			);
			path = "EchoMe-Affirmations Watch App Watch App";
			sourceTree = "<group>";
		};
		2A903DD72E147149003FC209 /* Services */ = {
			isa = PBXGroup;
			children = (
				2A903DD82E147161003FC209 /* Managers */,
			);
			path = Services;
			sourceTree = "<group>";
		};
		2A903DD82E147161003FC209 /* Managers */ = {
			isa = PBXGroup;
			children = (
				2A903DD02E147133003FC209 /* WatchConnectivityManager.swift */,
			);
			path = Managers;
			sourceTree = "<group>";
		};
		2A903DD92E14716D003FC209 /* Views */ = {
			isa = PBXGroup;
			children = (
				2A903DCE2E147133003FC209 /* ContentView.swift */,
				2A903DCC2E147133003FC209 /* AffirmationWatchView.swift */,
			);
			path = Views;
			sourceTree = "<group>";
		};
		2AA8CEED2E136F58003B2C59 = {
			isa = PBXGroup;
			children = (
				2AA8CF4C2E1427F2003B2C59 /* EchoMe-Affirmations */,
				2AA8CF092E136F5A003B2C59 /* EchoMe-AffirmationsTests */,
				2AA8CF132E136F5A003B2C59 /* EchoMe-AffirmationsUITests */,
				2A903DD12E147133003FC209 /* EchoMe-Affirmations Watch App Watch App */,
				2A903DCD2E147133003FC209 /* Assets.xcassets */,
				2AA8CF892E142DD0003B2C59 /* EchoMe-Affirmations Watch App Watch AppTests */,
				2AA8CF932E142DD0003B2C59 /* EchoMe-Affirmations Watch App Watch AppUITests */,
				2AA8CEF72E136F58003B2C59 /* Products */,
			);
			sourceTree = "<group>";
		};
		2AA8CEF72E136F58003B2C59 /* Products */ = {
			isa = PBXGroup;
			children = (
				2AA8CEF62E136F58003B2C59 /* EchoMe-Affirmations.app */,
				2AA8CF062E136F5A003B2C59 /* EchoMe-AffirmationsTests.xctest */,
				2AA8CF102E136F5A003B2C59 /* EchoMe-AffirmationsUITests.xctest */,
				2AA8CF7A2E142DCF003B2C59 /* EchoMe-Affirmations Watch App Watch App.app */,
				2AA8CF862E142DD0003B2C59 /* EchoMe-Affirmations Watch App Watch AppTests.xctest */,
				2AA8CF902E142DD0003B2C59 /* EchoMe-Affirmations Watch App Watch AppUITests.xctest */,
			);
			name = Products;
			sourceTree = "<group>";
		};
		2AA8CF4C2E1427F2003B2C59 /* EchoMe-Affirmations */ = {
			isa = PBXGroup;
			children = (
				2AA8CF432E1427F2003B2C59 /* EchoMe_Affirmations.entitlements */,
				2AA8CF442E1427F2003B2C59 /* EchoMe_AffirmationsApp.swift */,
				2A0BD8F72E14FFBE0029B6DB /* AppDelegate.swift */,
				2AA8CF462E1427F2003B2C59 /* GoogleService-Info.plist */,
				2AD38D902E149F2A00A284A2 /* Shared */,
				2AA8CF612E142911003B2C59 /* Models */,
				2AA8CF622E142915003B2C59 /* Views */,
				2AA8CF632E142918003B2C59 /* ViewModels */,
				2AA8CF5E2E1428EE003B2C59 /* Services */,
				2AA8CF5F2E1428FB003B2C59 /* Utilities */,
				2AA8CF602E142908003B2C59 /* Resources */,
			);
			path = "EchoMe-Affirmations";
			sourceTree = "<group>";
		};
		2AA8CF5E2E1428EE003B2C59 /* Services */ = {
			isa = PBXGroup;
			children = (
				2AA8CFAB2E14384C003B2C59 /* Firebase */,
				2A903DCB2E14710F003FC209 /* Managers */,
			);
			path = Services;
			sourceTree = "<group>";
		};
		2AA8CF5F2E1428FB003B2C59 /* Utilities */ = {
			isa = PBXGroup;
			children = (
				2AA8CF482E1427F2003B2C59 /* MockDataProvider.swift */,
			);
			path = Utilities;
			sourceTree = "<group>";
		};
		2AA8CF602E142908003B2C59 /* Resources */ = {
			isa = PBXGroup;
			children = (
				2AA8CF402E1427F2003B2C59 /* Assets.xcassets */,
			);
			path = Resources;
			sourceTree = "<group>";
		};
		2AA8CF612E142911003B2C59 /* Models */ = {
			isa = PBXGroup;
			children = (
				2AA8CF642E142935003B2C59 /* User.swift */,
				2A0BD8F92E1503CD0029B6DB /* AffirmationCache.swift */,
			);
			path = Models;
			sourceTree = "<group>";
		};
		2AA8CF622E142915003B2C59 /* Views */ = {
			isa = PBXGroup;
			children = (
				2AA8CF6A2E142978003B2C59 /* Authentication */,
				2AA8CF6B2E142988003B2C59 /* Onboarding */,
				2AA8CF6C2E14299B003B2C59 /* Main */,
				2AD38DA02E14AFD800A284A2 /* ProfileView */,
				2AA8CF6D2E1429BC003B2C59 /* Favorites */,
				2AA8CF6E2E1429F6003B2C59 /* Settings */,
				2AA8CF6F2E142A19003B2C59 /* Components */,
			);
			path = Views;
			sourceTree = "<group>";
		};
		2AA8CF632E142918003B2C59 /* ViewModels */ = {
			isa = PBXGroup;
			children = (
				2AA8CF722E142A7F003B2C59 /* AuthManager.swift */,
				2A903DDA2E1473C5003FC209 /* FavoritesManager.swift */,
			);
			path = ViewModels;
			sourceTree = "<group>";
		};
		2AA8CF6A2E142978003B2C59 /* Authentication */ = {
			isa = PBXGroup;
			children = (
				2AA8CF412E1427F2003B2C59 /* AuthenticationView.swift */,
			);
			path = Authentication;
			sourceTree = "<group>";
		};
		2AA8CF6B2E142988003B2C59 /* Onboarding */ = {
			isa = PBXGroup;
			children = (
				2AA8CF492E1427F2003B2C59 /* OnboardingView.swift */,
				2AD38DA32E14B00600A284A2 /* OnboardingCategoriesView.swift */,
			);
			path = Onboarding;
			sourceTree = "<group>";
		};
		2AA8CF6C2E14299B003B2C59 /* Main */ = {
			isa = PBXGroup;
			children = (
				2A0BD8F02E14DCC00029B6DB /* NavigationState.swift */,
				2A0BD8F22E14DFA60029B6DB /* DebugNavigationView.swift */,
				2A0BD8EE2E14DA290029B6DB /* RootView.swift */,
				2AA8CF422E1427F2003B2C59 /* ContentView.swift */,
			);
			path = Main;
			sourceTree = "<group>";
		};
		2AA8CF6D2E1429BC003B2C59 /* Favorites */ = {
			isa = PBXGroup;
			children = (
				2AA8CF452E1427F2003B2C59 /* FavoritesView.swift */,
			);
			path = Favorites;
			sourceTree = "<group>";
		};
		2AA8CF6E2E1429F6003B2C59 /* Settings */ = {
			isa = PBXGroup;
			children = (
				2AA8CF4B2E1427F2003B2C59 /* VoiceSettingsView.swift */,
			);
			path = Settings;
			sourceTree = "<group>";
		};
		2AA8CF6F2E142A19003B2C59 /* Components */ = {
			isa = PBXGroup;
			children = (
				2AA8CF702E142A49003B2C59 /* AffirmationCard.swift */,
				2A0BD8FD2E1506E10029B6DB /* EmptyStateView.swift */,
			);
			path = Components;
			sourceTree = "<group>";
		};
		2AA8CFAB2E14384C003B2C59 /* Firebase */ = {
			isa = PBXGroup;
			children = (
				2AA8CF742E142A96003B2C59 /* FirebaseService.swift */,
				2AA8CFA82E143838003B2C59 /* Affirmation+Firestore.swift */,
			);
			path = Firebase;
			sourceTree = "<group>";
		};
		2AD38D902E149F2A00A284A2 /* Shared */ = {
			isa = PBXGroup;
			children = (
				2AD38D972E149FC500A284A2 /* Protocols */,
				2AD38D9B2E14A01900A284A2 /* Models */,
			);
			path = Shared;
			sourceTree = "<group>";
		};
		2AD38D972E149FC500A284A2 /* Protocols */ = {
			isa = PBXGroup;
			children = (
				2AD38D9D2E14A08900A284A2 /* WatchConnectivityProtocol.swift */,
			);
			path = Protocols;
			sourceTree = "<group>";
		};
		2AD38D9B2E14A01900A284A2 /* Models */ = {
			isa = PBXGroup;
			children = (
				2AA8CF662E142943003B2C59 /* Affirmation.swift */,
				2AA8CF682E142952003B2C59 /* VoiceProfile.swift */,
			);
			path = Models;
			sourceTree = "<group>";
		};
		2AD38DA02E14AFD800A284A2 /* ProfileView */ = {
			isa = PBXGroup;
			children = (
				2AD38DA12E14AFE500A284A2 /* ProfileView.swift */,
			);
			path = ProfileView;
			sourceTree = "<group>";
		};
/* End PBXGroup section */

/* Begin PBXNativeTarget section */
		2AA8CEF52E136F58003B2C59 /* EchoMe-Affirmations */ = {
			isa = PBXNativeTarget;
			buildConfigurationList = 2AA8CF1A2E136F5A003B2C59 /* Build configuration list for PBXNativeTarget "EchoMe-Affirmations" */;
			buildPhases = (
				2AA8CEF22E136F58003B2C59 /* Sources */,
				2AA8CEF32E136F58003B2C59 /* Frameworks */,
				2AA8CEF42E136F58003B2C59 /* Resources */,
				2AA8CF9E2E142DD0003B2C59 /* Embed Watch Content */,
			);
			buildRules = (
			);
			dependencies = (
				2AA8CF992E142DD0003B2C59 /* PBXTargetDependency */,
			);
			name = "EchoMe-Affirmations";
			packageProductDependencies = (
				2AA8CF262E13718B003B2C59 /* FirebaseAuth */,
				2AA8CF282E13718B003B2C59 /* FirebaseFirestore */,
			);
			productName = "EchoMe-Affirmations";
			productReference = 2AA8CEF62E136F58003B2C59 /* EchoMe-Affirmations.app */;
			productType = "com.apple.product-type.application";
		};
		2AA8CF052E136F5A003B2C59 /* EchoMe-AffirmationsTests */ = {
			isa = PBXNativeTarget;
			buildConfigurationList = 2AA8CF1D2E136F5A003B2C59 /* Build configuration list for PBXNativeTarget "EchoMe-AffirmationsTests" */;
			buildPhases = (
				2AA8CF022E136F5A003B2C59 /* Sources */,
				2AA8CF032E136F5A003B2C59 /* Frameworks */,
				2AA8CF042E136F5A003B2C59 /* Resources */,
			);
			buildRules = (
			);
			dependencies = (
				2AA8CF082E136F5A003B2C59 /* PBXTargetDependency */,
			);
			fileSystemSynchronizedGroups = (
				2AA8CF092E136F5A003B2C59 /* EchoMe-AffirmationsTests */,
			);
			name = "EchoMe-AffirmationsTests";
			packageProductDependencies = (
			);
			productName = "EchoMe-AffirmationsTests";
			productReference = 2AA8CF062E136F5A003B2C59 /* EchoMe-AffirmationsTests.xctest */;
			productType = "com.apple.product-type.bundle.unit-test";
		};
		2AA8CF0F2E136F5A003B2C59 /* EchoMe-AffirmationsUITests */ = {
			isa = PBXNativeTarget;
			buildConfigurationList = 2AA8CF202E136F5A003B2C59 /* Build configuration list for PBXNativeTarget "EchoMe-AffirmationsUITests" */;
			buildPhases = (
				2AA8CF0C2E136F5A003B2C59 /* Sources */,
				2AA8CF0D2E136F5A003B2C59 /* Frameworks */,
				2AA8CF0E2E136F5A003B2C59 /* Resources */,
			);
			buildRules = (
			);
			dependencies = (
				2AA8CF122E136F5A003B2C59 /* PBXTargetDependency */,
			);
			fileSystemSynchronizedGroups = (
				2AA8CF132E136F5A003B2C59 /* EchoMe-AffirmationsUITests */,
			);
			name = "EchoMe-AffirmationsUITests";
			packageProductDependencies = (
			);
			productName = "EchoMe-AffirmationsUITests";
			productReference = 2AA8CF102E136F5A003B2C59 /* EchoMe-AffirmationsUITests.xctest */;
			productType = "com.apple.product-type.bundle.ui-testing";
		};
		2AA8CF792E142DCF003B2C59 /* EchoMe-Affirmations Watch App Watch App */ = {
			isa = PBXNativeTarget;
			buildConfigurationList = 2AA8CF9B2E142DD0003B2C59 /* Build configuration list for PBXNativeTarget "EchoMe-Affirmations Watch App Watch App" */;
			buildPhases = (
				2AA8CF762E142DCF003B2C59 /* Sources */,
				2AA8CF772E142DCF003B2C59 /* Frameworks */,
				2AA8CF782E142DCF003B2C59 /* Resources */,
			);
			buildRules = (
			);
			dependencies = (
			);
			name = "EchoMe-Affirmations Watch App Watch App";
			packageProductDependencies = (
			);
			productName = "EchoMe-Affirmations Watch App Watch App";
			productReference = 2AA8CF7A2E142DCF003B2C59 /* EchoMe-Affirmations Watch App Watch App.app */;
			productType = "com.apple.product-type.application";
		};
		2AA8CF852E142DD0003B2C59 /* EchoMe-Affirmations Watch App Watch AppTests */ = {
			isa = PBXNativeTarget;
			buildConfigurationList = 2AA8CF9F2E142DD0003B2C59 /* Build configuration list for PBXNativeTarget "EchoMe-Affirmations Watch App Watch AppTests" */;
			buildPhases = (
				2AA8CF822E142DD0003B2C59 /* Sources */,
				2AA8CF832E142DD0003B2C59 /* Frameworks */,
				2AA8CF842E142DD0003B2C59 /* Resources */,
			);
			buildRules = (
			);
			dependencies = (
				2AA8CF882E142DD0003B2C59 /* PBXTargetDependency */,
			);
			fileSystemSynchronizedGroups = (
				2AA8CF892E142DD0003B2C59 /* EchoMe-Affirmations Watch App Watch AppTests */,
			);
			name = "EchoMe-Affirmations Watch App Watch AppTests";
			packageProductDependencies = (
			);
			productName = "EchoMe-Affirmations Watch App Watch AppTests";
			productReference = 2AA8CF862E142DD0003B2C59 /* EchoMe-Affirmations Watch App Watch AppTests.xctest */;
			productType = "com.apple.product-type.bundle.unit-test";
		};
		2AA8CF8F2E142DD0003B2C59 /* EchoMe-Affirmations Watch App Watch AppUITests */ = {
			isa = PBXNativeTarget;
			buildConfigurationList = 2AA8CFA22E142DD0003B2C59 /* Build configuration list for PBXNativeTarget "EchoMe-Affirmations Watch App Watch AppUITests" */;
			buildPhases = (
				2AA8CF8C2E142DD0003B2C59 /* Sources */,
				2AA8CF8D2E142DD0003B2C59 /* Frameworks */,
				2AA8CF8E2E142DD0003B2C59 /* Resources */,
			);
			buildRules = (
			);
			dependencies = (
				2AA8CF922E142DD0003B2C59 /* PBXTargetDependency */,
			);
			fileSystemSynchronizedGroups = (
				2AA8CF932E142DD0003B2C59 /* EchoMe-Affirmations Watch App Watch AppUITests */,
			);
			name = "EchoMe-Affirmations Watch App Watch AppUITests";
			packageProductDependencies = (
			);
			productName = "EchoMe-Affirmations Watch App Watch AppUITests";
			productReference = 2AA8CF902E142DD0003B2C59 /* EchoMe-Affirmations Watch App Watch AppUITests.xctest */;
			productType = "com.apple.product-type.bundle.ui-testing";
		};
/* End PBXNativeTarget section */

/* Begin PBXProject section */
		2AA8CEEE2E136F58003B2C59 /* Project object */ = {
			isa = PBXProject;
			attributes = {
				BuildIndependentTargetsInParallel = 1;
				LastSwiftUpdateCheck = 1640;
				LastUpgradeCheck = 1640;
				TargetAttributes = {
					2AA8CEF52E136F58003B2C59 = {
						CreatedOnToolsVersion = 16.4;
					};
					2AA8CF052E136F5A003B2C59 = {
						CreatedOnToolsVersion = 16.4;
						TestTargetID = 2AA8CEF52E136F58003B2C59;
					};
					2AA8CF0F2E136F5A003B2C59 = {
						CreatedOnToolsVersion = 16.4;
						TestTargetID = 2AA8CEF52E136F58003B2C59;
					};
					2AA8CF792E142DCF003B2C59 = {
						CreatedOnToolsVersion = 16.4;
					};
					2AA8CF852E142DD0003B2C59 = {
						CreatedOnToolsVersion = 16.4;
						TestTargetID = 2AA8CF792E142DCF003B2C59;
					};
					2AA8CF8F2E142DD0003B2C59 = {
						CreatedOnToolsVersion = 16.4;
						TestTargetID = 2AA8CF792E142DCF003B2C59;
					};
				};
			};
			buildConfigurationList = 2AA8CEF12E136F58003B2C59 /* Build configuration list for PBXProject "EchoMe-Affirmations" */;
			developmentRegion = en;
			hasScannedForEncodings = 0;
			knownRegions = (
				en,
				Base,
			);
			mainGroup = 2AA8CEED2E136F58003B2C59;
			minimizedProjectReferenceProxies = 1;
			packageReferences = (
				2AA8CF252E13718B003B2C59 /* XCRemoteSwiftPackageReference "firebase-ios-sdk" */,
			);
			preferredProjectObjectVersion = 77;
			productRefGroup = 2AA8CEF72E136F58003B2C59 /* Products */;
			projectDirPath = "";
			projectRoot = "";
			targets = (
				2AA8CEF52E136F58003B2C59 /* EchoMe-Affirmations */,
				2AA8CF052E136F5A003B2C59 /* EchoMe-AffirmationsTests */,
				2AA8CF0F2E136F5A003B2C59 /* EchoMe-AffirmationsUITests */,
				2AA8CF792E142DCF003B2C59 /* EchoMe-Affirmations Watch App Watch App */,
				2AA8CF852E142DD0003B2C59 /* EchoMe-Affirmations Watch App Watch AppTests */,
				2AA8CF8F2E142DD0003B2C59 /* EchoMe-Affirmations Watch App Watch AppUITests */,
			);
		};
/* End PBXProject section */

/* Begin PBXResourcesBuildPhase section */
		2AA8CEF42E136F58003B2C59 /* Resources */ = {
			isa = PBXResourcesBuildPhase;
			buildActionMask = 2147483647;
			files = (
				2AA8CF562E1427F2003B2C59 /* Assets.xcassets in Resources */,
				2AA8CF572E1427F2003B2C59 /* GoogleService-Info.plist in Resources */,
			);
			runOnlyForDeploymentPostprocessing = 0;
		};
		2AA8CF042E136F5A003B2C59 /* Resources */ = {
			isa = PBXResourcesBuildPhase;
			buildActionMask = 2147483647;
			files = (
			);
			runOnlyForDeploymentPostprocessing = 0;
		};
		2AA8CF0E2E136F5A003B2C59 /* Resources */ = {
			isa = PBXResourcesBuildPhase;
			buildActionMask = 2147483647;
			files = (
			);
			runOnlyForDeploymentPostprocessing = 0;
		};
		2AA8CF782E142DCF003B2C59 /* Resources */ = {
			isa = PBXResourcesBuildPhase;
			buildActionMask = 2147483647;
			files = (
				2A903DD62E147133003FC209 /* Assets.xcassets in Resources */,
			);
			runOnlyForDeploymentPostprocessing = 0;
		};
		2AA8CF842E142DD0003B2C59 /* Resources */ = {
			isa = PBXResourcesBuildPhase;
			buildActionMask = 2147483647;
			files = (
			);
			runOnlyForDeploymentPostprocessing = 0;
		};
		2AA8CF8E2E142DD0003B2C59 /* Resources */ = {
			isa = PBXResourcesBuildPhase;
			buildActionMask = 2147483647;
			files = (
			);
			runOnlyForDeploymentPostprocessing = 0;
		};
/* End PBXResourcesBuildPhase section */

/* Begin PBXSourcesBuildPhase section */
		2AA8CEF22E136F58003B2C59 /* Sources */ = {
			isa = PBXSourcesBuildPhase;
			buildActionMask = 2147483647;
			files = (
				2A0BD8FC2E1503FF0029B6DB /* AffirmationCacheManager.swift in Sources */,
				2AA8CF4D2E1427F2003B2C59 /* AuthenticationView.swift in Sources */,
				2A0BD8F12E14DCC20029B6DB /* NavigationState.swift in Sources */,
				2A0BD8EF2E14DA2A0029B6DB /* RootView.swift in Sources */,
				2A0BD8FA2E1503CF0029B6DB /* AffirmationCache.swift in Sources */,
				2A0BD8F32E14DFA80029B6DB /* DebugNavigationView.swift in Sources */,
				2A0BD8FE2E1506E20029B6DB /* EmptyStateView.swift in Sources */,
				2AA8CFAA2E14383C003B2C59 /* Affirmation+Firestore.swift in Sources */,
				2AD38D9F2E14A08900A284A2 /* WatchConnectivityProtocol.swift in Sources */,
				2AA8CF752E142A99003B2C59 /* FirebaseService.swift in Sources */,
				2AA8CF732E142A83003B2C59 /* AuthManager.swift in Sources */,
				2AA8CF4E2E1427F2003B2C59 /* ContentView.swift in Sources */,
				2AA8CF4F2E1427F2003B2C59 /* EchoMe_AffirmationsApp.swift in Sources */,
				2AA8CF502E1427F2003B2C59 /* FavoritesView.swift in Sources */,
				2AA8CF692E142953003B2C59 /* VoiceProfile.swift in Sources */,
				2AA8CF522E1427F2003B2C59 /* MockDataProvider.swift in Sources */,
				2A0BD8F82E14FFC80029B6DB /* AppDelegate.swift in Sources */,
				2AA8CF532E1427F2003B2C59 /* OnboardingView.swift in Sources */,
				2AA8CFAF2E1448AB003B2C59 /* WatchConnectivityManager.swift in Sources */,
				2AD38DA22E14AFE900A284A2 /* ProfileView.swift in Sources */,
				2A903DDB2E1473C9003FC209 /* FavoritesManager.swift in Sources */,
				2AA8CF672E142945003B2C59 /* Affirmation.swift in Sources */,
				2AA8CF542E1427F2003B2C59 /* SpeechManager.swift in Sources */,
				2A0BD8ED2E14BB9B0029B6DB /* ServicesContainer.swift in Sources */,
				2AA8CF712E142A51003B2C59 /* AffirmationCard.swift in Sources */,
				2AA8CF652E142937003B2C59 /* User.swift in Sources */,
				2AD38DA42E14B00800A284A2 /* OnboardingCategoriesView.swift in Sources */,
				2AA8CF552E1427F2003B2C59 /* VoiceSettingsView.swift in Sources */,
			);
			runOnlyForDeploymentPostprocessing = 0;
		};
		2AA8CF022E136F5A003B2C59 /* Sources */ = {
			isa = PBXSourcesBuildPhase;
			buildActionMask = 2147483647;
			files = (
			);
			runOnlyForDeploymentPostprocessing = 0;
		};
		2AA8CF0C2E136F5A003B2C59 /* Sources */ = {
			isa = PBXSourcesBuildPhase;
			buildActionMask = 2147483647;
			files = (
			);
			runOnlyForDeploymentPostprocessing = 0;
		};
		2AA8CF762E142DCF003B2C59 /* Sources */ = {
			isa = PBXSourcesBuildPhase;
			buildActionMask = 2147483647;
			files = (
				2AA8CFA52E142F30003B2C59 /* MockDataProvider.swift in Sources */,
				2AD38D9E2E14A08900A284A2 /* WatchConnectivityProtocol.swift in Sources */,
				2AA8CFA62E142F30003B2C59 /* VoiceProfile.swift in Sources */,
				2A903DD22E147133003FC209 /* AffirmationWatchView.swift in Sources */,
				2A903DD32E147133003FC209 /* ContentView.swift in Sources */,
				2A903DD42E147133003FC209 /* EchoMe_Affirmations_Watch_AppApp.swift in Sources */,
				2A903DD52E147133003FC209 /* WatchConnectivityManager.swift in Sources */,
				2AA8CFA72E142F30003B2C59 /* Affirmation.swift in Sources */,
			);
			runOnlyForDeploymentPostprocessing = 0;
		};
		2AA8CF822E142DD0003B2C59 /* Sources */ = {
			isa = PBXSourcesBuildPhase;
			buildActionMask = 2147483647;
			files = (
			);
			runOnlyForDeploymentPostprocessing = 0;
		};
		2AA8CF8C2E142DD0003B2C59 /* Sources */ = {
			isa = PBXSourcesBuildPhase;
			buildActionMask = 2147483647;
			files = (
			);
			runOnlyForDeploymentPostprocessing = 0;
		};
/* End PBXSourcesBuildPhase section */

/* Begin PBXTargetDependency section */
		2AA8CF082E136F5A003B2C59 /* PBXTargetDependency */ = {
			isa = PBXTargetDependency;
			target = 2AA8CEF52E136F58003B2C59 /* EchoMe-Affirmations */;
			targetProxy = 2AA8CF072E136F5A003B2C59 /* PBXContainerItemProxy */;
		};
		2AA8CF122E136F5A003B2C59 /* PBXTargetDependency */ = {
			isa = PBXTargetDependency;
			target = 2AA8CEF52E136F58003B2C59 /* EchoMe-Affirmations */;
			targetProxy = 2AA8CF112E136F5A003B2C59 /* PBXContainerItemProxy */;
		};
		2AA8CF882E142DD0003B2C59 /* PBXTargetDependency */ = {
			isa = PBXTargetDependency;
			target = 2AA8CF792E142DCF003B2C59 /* EchoMe-Affirmations Watch App Watch App */;
			targetProxy = 2AA8CF872E142DD0003B2C59 /* PBXContainerItemProxy */;
		};
		2AA8CF922E142DD0003B2C59 /* PBXTargetDependency */ = {
			isa = PBXTargetDependency;
			target = 2AA8CF792E142DCF003B2C59 /* EchoMe-Affirmations Watch App Watch App */;
			targetProxy = 2AA8CF912E142DD0003B2C59 /* PBXContainerItemProxy */;
		};
		2AA8CF992E142DD0003B2C59 /* PBXTargetDependency */ = {
			isa = PBXTargetDependency;
			target = 2AA8CF792E142DCF003B2C59 /* EchoMe-Affirmations Watch App Watch App */;
			targetProxy = 2AA8CF982E142DD0003B2C59 /* PBXContainerItemProxy */;
		};
/* End PBXTargetDependency section */

/* Begin XCBuildConfiguration section */
		2AA8CF182E136F5A003B2C59 /* Debug */ = {
			isa = XCBuildConfiguration;
			buildSettings = {
				ALWAYS_SEARCH_USER_PATHS = NO;
				ASSETCATALOG_COMPILER_GENERATE_SWIFT_ASSET_SYMBOL_EXTENSIONS = YES;
				CLANG_ANALYZER_NONNULL = YES;
				CLANG_ANALYZER_NUMBER_OBJECT_CONVERSION = YES_AGGRESSIVE;
				CLANG_CXX_LANGUAGE_STANDARD = "gnu++20";
				CLANG_ENABLE_MODULES = YES;
				CLANG_ENABLE_OBJC_ARC = YES;
				CLANG_ENABLE_OBJC_WEAK = YES;
				CLANG_WARN_BLOCK_CAPTURE_AUTORELEASING = YES;
				CLANG_WARN_BOOL_CONVERSION = YES;
				CLANG_WARN_COMMA = YES;
				CLANG_WARN_CONSTANT_CONVERSION = YES;
				CLANG_WARN_DEPRECATED_OBJC_IMPLEMENTATIONS = YES;
				CLANG_WARN_DIRECT_OBJC_ISA_USAGE = YES_ERROR;
				CLANG_WARN_DOCUMENTATION_COMMENTS = YES;
				CLANG_WARN_EMPTY_BODY = YES;
				CLANG_WARN_ENUM_CONVERSION = YES;
				CLANG_WARN_INFINITE_RECURSION = YES;
				CLANG_WARN_INT_CONVERSION = YES;
				CLANG_WARN_NON_LITERAL_NULL_CONVERSION = YES;
				CLANG_WARN_OBJC_IMPLICIT_RETAIN_SELF = YES;
				CLANG_WARN_OBJC_LITERAL_CONVERSION = YES;
				CLANG_WARN_OBJC_ROOT_CLASS = YES_ERROR;
				CLANG_WARN_QUOTED_INCLUDE_IN_FRAMEWORK_HEADER = YES;
				CLANG_WARN_RANGE_LOOP_ANALYSIS = YES;
				CLANG_WARN_STRICT_PROTOTYPES = YES;
				CLANG_WARN_SUSPICIOUS_MOVE = YES;
				CLANG_WARN_UNGUARDED_AVAILABILITY = YES_AGGRESSIVE;
				CLANG_WARN_UNREACHABLE_CODE = YES;
				CLANG_WARN__DUPLICATE_METHOD_MATCH = YES;
				COPY_PHASE_STRIP = NO;
				DEBUG_INFORMATION_FORMAT = dwarf;
				DEVELOPMENT_TEAM = 888WYS3UC6;
				ENABLE_STRICT_OBJC_MSGSEND = YES;
				ENABLE_TESTABILITY = YES;
				ENABLE_USER_SCRIPT_SANDBOXING = YES;
				GCC_C_LANGUAGE_STANDARD = gnu17;
				GCC_DYNAMIC_NO_PIC = NO;
				GCC_NO_COMMON_BLOCKS = YES;
				GCC_OPTIMIZATION_LEVEL = 0;
				GCC_PREPROCESSOR_DEFINITIONS = (
					"DEBUG=1",
					"$(inherited)",
				);
				GCC_WARN_64_TO_32_BIT_CONVERSION = YES;
				GCC_WARN_ABOUT_RETURN_TYPE = YES_ERROR;
				GCC_WARN_UNDECLARED_SELECTOR = YES;
				GCC_WARN_UNINITIALIZED_AUTOS = YES_AGGRESSIVE;
				GCC_WARN_UNUSED_FUNCTION = YES;
				GCC_WARN_UNUSED_VARIABLE = YES;
				LOCALIZATION_PREFERS_STRING_CATALOGS = YES;
				MTL_ENABLE_DEBUG_INFO = INCLUDE_SOURCE;
				MTL_FAST_MATH = YES;
				ONLY_ACTIVE_ARCH = YES;
				SWIFT_ACTIVE_COMPILATION_CONDITIONS = "DEBUG $(inherited)";
				SWIFT_OPTIMIZATION_LEVEL = "-Onone";
			};
			name = Debug;
		};
		2AA8CF192E136F5A003B2C59 /* Release */ = {
			isa = XCBuildConfiguration;
			buildSettings = {
				ALWAYS_SEARCH_USER_PATHS = NO;
				ASSETCATALOG_COMPILER_GENERATE_SWIFT_ASSET_SYMBOL_EXTENSIONS = YES;
				CLANG_ANALYZER_NONNULL = YES;
				CLANG_ANALYZER_NUMBER_OBJECT_CONVERSION = YES_AGGRESSIVE;
				CLANG_CXX_LANGUAGE_STANDARD = "gnu++20";
				CLANG_ENABLE_MODULES = YES;
				CLANG_ENABLE_OBJC_ARC = YES;
				CLANG_ENABLE_OBJC_WEAK = YES;
				CLANG_WARN_BLOCK_CAPTURE_AUTORELEASING = YES;
				CLANG_WARN_BOOL_CONVERSION = YES;
				CLANG_WARN_COMMA = YES;
				CLANG_WARN_CONSTANT_CONVERSION = YES;
				CLANG_WARN_DEPRECATED_OBJC_IMPLEMENTATIONS = YES;
				CLANG_WARN_DIRECT_OBJC_ISA_USAGE = YES_ERROR;
				CLANG_WARN_DOCUMENTATION_COMMENTS = YES;
				CLANG_WARN_EMPTY_BODY = YES;
				CLANG_WARN_ENUM_CONVERSION = YES;
				CLANG_WARN_INFINITE_RECURSION = YES;
				CLANG_WARN_INT_CONVERSION = YES;
				CLANG_WARN_NON_LITERAL_NULL_CONVERSION = YES;
				CLANG_WARN_OBJC_IMPLICIT_RETAIN_SELF = YES;
				CLANG_WARN_OBJC_LITERAL_CONVERSION = YES;
				CLANG_WARN_OBJC_ROOT_CLASS = YES_ERROR;
				CLANG_WARN_QUOTED_INCLUDE_IN_FRAMEWORK_HEADER = YES;
				CLANG_WARN_RANGE_LOOP_ANALYSIS = YES;
				CLANG_WARN_STRICT_PROTOTYPES = YES;
				CLANG_WARN_SUSPICIOUS_MOVE = YES;
				CLANG_WARN_UNGUARDED_AVAILABILITY = YES_AGGRESSIVE;
				CLANG_WARN_UNREACHABLE_CODE = YES;
				CLANG_WARN__DUPLICATE_METHOD_MATCH = YES;
				COPY_PHASE_STRIP = NO;
				DEBUG_INFORMATION_FORMAT = "dwarf-with-dsym";
				DEVELOPMENT_TEAM = 888WYS3UC6;
				ENABLE_NS_ASSERTIONS = NO;
				ENABLE_STRICT_OBJC_MSGSEND = YES;
				ENABLE_USER_SCRIPT_SANDBOXING = YES;
				GCC_C_LANGUAGE_STANDARD = gnu17;
				GCC_NO_COMMON_BLOCKS = YES;
				GCC_WARN_64_TO_32_BIT_CONVERSION = YES;
				GCC_WARN_ABOUT_RETURN_TYPE = YES_ERROR;
				GCC_WARN_UNDECLARED_SELECTOR = YES;
				GCC_WARN_UNINITIALIZED_AUTOS = YES_AGGRESSIVE;
				GCC_WARN_UNUSED_FUNCTION = YES;
				GCC_WARN_UNUSED_VARIABLE = YES;
				LOCALIZATION_PREFERS_STRING_CATALOGS = YES;
				MTL_ENABLE_DEBUG_INFO = NO;
				MTL_FAST_MATH = YES;
				SWIFT_COMPILATION_MODE = wholemodule;
			};
			name = Release;
		};
		2AA8CF1B2E136F5A003B2C59 /* Debug */ = {
			isa = XCBuildConfiguration;
			buildSettings = {
				ASSETCATALOG_COMPILER_APPICON_NAME = AppIcon;
				ASSETCATALOG_COMPILER_GLOBAL_ACCENT_COLOR_NAME = AccentColor;
				CODE_SIGN_ENTITLEMENTS = "EchoMe-Affirmations/EchoMe_Affirmations.entitlements";
				CODE_SIGN_STYLE = Automatic;
				CURRENT_PROJECT_VERSION = 1;
				DEVELOPMENT_TEAM = 888WYS3UC6;
				ENABLE_HARDENED_RUNTIME = YES;
				ENABLE_PREVIEWS = YES;
				GENERATE_INFOPLIST_FILE = YES;
				"INFOPLIST_KEY_UIApplicationSceneManifest_Generation[sdk=iphoneos*]" = YES;
				"INFOPLIST_KEY_UIApplicationSceneManifest_Generation[sdk=iphonesimulator*]" = YES;
				"INFOPLIST_KEY_UIApplicationSupportsIndirectInputEvents[sdk=iphoneos*]" = YES;
				"INFOPLIST_KEY_UIApplicationSupportsIndirectInputEvents[sdk=iphonesimulator*]" = YES;
				"INFOPLIST_KEY_UILaunchScreen_Generation[sdk=iphoneos*]" = YES;
				"INFOPLIST_KEY_UILaunchScreen_Generation[sdk=iphonesimulator*]" = YES;
				"INFOPLIST_KEY_UIStatusBarStyle[sdk=iphoneos*]" = UIStatusBarStyleDefault;
				"INFOPLIST_KEY_UIStatusBarStyle[sdk=iphonesimulator*]" = UIStatusBarStyleDefault;
				INFOPLIST_KEY_UISupportedInterfaceOrientations_iPad = "UIInterfaceOrientationPortrait UIInterfaceOrientationPortraitUpsideDown UIInterfaceOrientationLandscapeLeft UIInterfaceOrientationLandscapeRight";
				INFOPLIST_KEY_UISupportedInterfaceOrientations_iPhone = "UIInterfaceOrientationPortrait UIInterfaceOrientationLandscapeLeft UIInterfaceOrientationLandscapeRight";
				IPHONEOS_DEPLOYMENT_TARGET = 18.5;
				LD_RUNPATH_SEARCH_PATHS = "@executable_path/Frameworks";
				"LD_RUNPATH_SEARCH_PATHS[sdk=macosx*]" = "@executable_path/../Frameworks";
				MACOSX_DEPLOYMENT_TARGET = 14.0;
				MARKETING_VERSION = 1.0;
				PRODUCT_BUNDLE_IDENTIFIER = "MazilePlay.EchoMe-Affirmations";
				PRODUCT_NAME = "$(TARGET_NAME)";
				REGISTER_APP_GROUPS = YES;
				SDKROOT = auto;
				SUPPORTED_PLATFORMS = "iphoneos iphonesimulator macosx xros xrsimulator";
				SWIFT_EMIT_LOC_STRINGS = YES;
				SWIFT_VERSION = 5.0;
				TARGETED_DEVICE_FAMILY = "1,2,7";
				XROS_DEPLOYMENT_TARGET = 2.5;
			};
			name = Debug;
		};
		2AA8CF1C2E136F5A003B2C59 /* Release */ = {
			isa = XCBuildConfiguration;
			buildSettings = {
				ASSETCATALOG_COMPILER_APPICON_NAME = AppIcon;
				ASSETCATALOG_COMPILER_GLOBAL_ACCENT_COLOR_NAME = AccentColor;
				CODE_SIGN_ENTITLEMENTS = "EchoMe-Affirmations/EchoMe_Affirmations.entitlements";
				CODE_SIGN_STYLE = Automatic;
				CURRENT_PROJECT_VERSION = 1;
				DEVELOPMENT_TEAM = 888WYS3UC6;
				ENABLE_HARDENED_RUNTIME = YES;
				ENABLE_PREVIEWS = YES;
				GENERATE_INFOPLIST_FILE = YES;
				"INFOPLIST_KEY_UIApplicationSceneManifest_Generation[sdk=iphoneos*]" = YES;
				"INFOPLIST_KEY_UIApplicationSceneManifest_Generation[sdk=iphonesimulator*]" = YES;
				"INFOPLIST_KEY_UIApplicationSupportsIndirectInputEvents[sdk=iphoneos*]" = YES;
				"INFOPLIST_KEY_UIApplicationSupportsIndirectInputEvents[sdk=iphonesimulator*]" = YES;
				"INFOPLIST_KEY_UILaunchScreen_Generation[sdk=iphoneos*]" = YES;
				"INFOPLIST_KEY_UILaunchScreen_Generation[sdk=iphonesimulator*]" = YES;
				"INFOPLIST_KEY_UIStatusBarStyle[sdk=iphoneos*]" = UIStatusBarStyleDefault;
				"INFOPLIST_KEY_UIStatusBarStyle[sdk=iphonesimulator*]" = UIStatusBarStyleDefault;
				INFOPLIST_KEY_UISupportedInterfaceOrientations_iPad = "UIInterfaceOrientationPortrait UIInterfaceOrientationPortraitUpsideDown UIInterfaceOrientationLandscapeLeft UIInterfaceOrientationLandscapeRight";
				INFOPLIST_KEY_UISupportedInterfaceOrientations_iPhone = "UIInterfaceOrientationPortrait UIInterfaceOrientationLandscapeLeft UIInterfaceOrientationLandscapeRight";
				IPHONEOS_DEPLOYMENT_TARGET = 18.5;
				LD_RUNPATH_SEARCH_PATHS = "@executable_path/Frameworks";
				"LD_RUNPATH_SEARCH_PATHS[sdk=macosx*]" = "@executable_path/../Frameworks";
				MACOSX_DEPLOYMENT_TARGET = 14.0;
				MARKETING_VERSION = 1.0;
				PRODUCT_BUNDLE_IDENTIFIER = "MazilePlay.EchoMe-Affirmations";
				PRODUCT_NAME = "$(TARGET_NAME)";
				REGISTER_APP_GROUPS = YES;
				SDKROOT = auto;
				SUPPORTED_PLATFORMS = "iphoneos iphonesimulator macosx xros xrsimulator";
				SWIFT_EMIT_LOC_STRINGS = YES;
				SWIFT_VERSION = 5.0;
				TARGETED_DEVICE_FAMILY = "1,2,7";
				XROS_DEPLOYMENT_TARGET = 2.5;
			};
			name = Release;
		};
		2AA8CF1E2E136F5A003B2C59 /* Debug */ = {
			isa = XCBuildConfiguration;
			buildSettings = {
				BUNDLE_LOADER = "$(TEST_HOST)";
				CODE_SIGN_STYLE = Automatic;
				CURRENT_PROJECT_VERSION = 1;
				DEVELOPMENT_TEAM = 888WYS3UC6;
				GENERATE_INFOPLIST_FILE = YES;
				IPHONEOS_DEPLOYMENT_TARGET = 18.5;
				MACOSX_DEPLOYMENT_TARGET = 15.5;
				MARKETING_VERSION = 1.0;
				PRODUCT_BUNDLE_IDENTIFIER = "MazilePlay.EchoMe-AffirmationsTests";
				PRODUCT_NAME = "$(TARGET_NAME)";
				SDKROOT = auto;
				SUPPORTED_PLATFORMS = "iphoneos iphonesimulator macosx xros xrsimulator";
				SWIFT_EMIT_LOC_STRINGS = NO;
				SWIFT_VERSION = 5.0;
				TARGETED_DEVICE_FAMILY = "1,2,7";
				TEST_HOST = "$(BUILT_PRODUCTS_DIR)/EchoMe-Affirmations.app/$(BUNDLE_EXECUTABLE_FOLDER_PATH)/EchoMe-Affirmations";
				XROS_DEPLOYMENT_TARGET = 2.5;
			};
			name = Debug;
		};
		2AA8CF1F2E136F5A003B2C59 /* Release */ = {
			isa = XCBuildConfiguration;
			buildSettings = {
				BUNDLE_LOADER = "$(TEST_HOST)";
				CODE_SIGN_STYLE = Automatic;
				CURRENT_PROJECT_VERSION = 1;
				DEVELOPMENT_TEAM = 888WYS3UC6;
				GENERATE_INFOPLIST_FILE = YES;
				IPHONEOS_DEPLOYMENT_TARGET = 18.5;
				MACOSX_DEPLOYMENT_TARGET = 15.5;
				MARKETING_VERSION = 1.0;
				PRODUCT_BUNDLE_IDENTIFIER = "MazilePlay.EchoMe-AffirmationsTests";
				PRODUCT_NAME = "$(TARGET_NAME)";
				SDKROOT = auto;
				SUPPORTED_PLATFORMS = "iphoneos iphonesimulator macosx xros xrsimulator";
				SWIFT_EMIT_LOC_STRINGS = NO;
				SWIFT_VERSION = 5.0;
				TARGETED_DEVICE_FAMILY = "1,2,7";
				TEST_HOST = "$(BUILT_PRODUCTS_DIR)/EchoMe-Affirmations.app/$(BUNDLE_EXECUTABLE_FOLDER_PATH)/EchoMe-Affirmations";
				XROS_DEPLOYMENT_TARGET = 2.5;
			};
			name = Release;
		};
		2AA8CF212E136F5A003B2C59 /* Debug */ = {
			isa = XCBuildConfiguration;
			buildSettings = {
				CODE_SIGN_STYLE = Automatic;
				CURRENT_PROJECT_VERSION = 1;
				DEVELOPMENT_TEAM = 888WYS3UC6;
				GENERATE_INFOPLIST_FILE = YES;
				IPHONEOS_DEPLOYMENT_TARGET = 18.5;
				MACOSX_DEPLOYMENT_TARGET = 15.5;
				MARKETING_VERSION = 1.0;
				PRODUCT_BUNDLE_IDENTIFIER = "MazilePlay.EchoMe-AffirmationsUITests";
				PRODUCT_NAME = "$(TARGET_NAME)";
				SDKROOT = auto;
				SUPPORTED_PLATFORMS = "iphoneos iphonesimulator macosx xros xrsimulator";
				SWIFT_EMIT_LOC_STRINGS = NO;
				SWIFT_VERSION = 5.0;
				TARGETED_DEVICE_FAMILY = "1,2,7";
				TEST_TARGET_NAME = "EchoMe-Affirmations";
				XROS_DEPLOYMENT_TARGET = 2.5;
			};
			name = Debug;
		};
		2AA8CF222E136F5A003B2C59 /* Release */ = {
			isa = XCBuildConfiguration;
			buildSettings = {
				CODE_SIGN_STYLE = Automatic;
				CURRENT_PROJECT_VERSION = 1;
				DEVELOPMENT_TEAM = 888WYS3UC6;
				GENERATE_INFOPLIST_FILE = YES;
				IPHONEOS_DEPLOYMENT_TARGET = 18.5;
				MACOSX_DEPLOYMENT_TARGET = 15.5;
				MARKETING_VERSION = 1.0;
				PRODUCT_BUNDLE_IDENTIFIER = "MazilePlay.EchoMe-AffirmationsUITests";
				PRODUCT_NAME = "$(TARGET_NAME)";
				SDKROOT = auto;
				SUPPORTED_PLATFORMS = "iphoneos iphonesimulator macosx xros xrsimulator";
				SWIFT_EMIT_LOC_STRINGS = NO;
				SWIFT_VERSION = 5.0;
				TARGETED_DEVICE_FAMILY = "1,2,7";
				TEST_TARGET_NAME = "EchoMe-Affirmations";
				XROS_DEPLOYMENT_TARGET = 2.5;
			};
			name = Release;
		};
		2AA8CF9C2E142DD0003B2C59 /* Debug */ = {
			isa = XCBuildConfiguration;
			buildSettings = {
				ASSETCATALOG_COMPILER_APPICON_NAME = AppIcon;
				ASSETCATALOG_COMPILER_GLOBAL_ACCENT_COLOR_NAME = AccentColor;
				CODE_SIGN_STYLE = Automatic;
				CURRENT_PROJECT_VERSION = 1;
				DEVELOPMENT_TEAM = 888WYS3UC6;
				ENABLE_PREVIEWS = YES;
				GENERATE_INFOPLIST_FILE = YES;
				INFOPLIST_KEY_CFBundleDisplayName = "EchoMe-Affirmations Watch App";
				INFOPLIST_KEY_UISupportedInterfaceOrientations = "UIInterfaceOrientationPortrait UIInterfaceOrientationPortraitUpsideDown";
				INFOPLIST_KEY_WKCompanionAppBundleIdentifier = "MazilePlay.EchoMe-Affirmations";
				LD_RUNPATH_SEARCH_PATHS = (
					"$(inherited)",
					"@executable_path/Frameworks",
				);
				MARKETING_VERSION = 1.0;
				PRODUCT_BUNDLE_IDENTIFIER = "MazilePlay.EchoMe-Affirmations.watchkitapp";
				PRODUCT_NAME = "$(TARGET_NAME)";
				SDKROOT = watchos;
				SKIP_INSTALL = YES;
				SWIFT_EMIT_LOC_STRINGS = YES;
				SWIFT_VERSION = 5.0;
				TARGETED_DEVICE_FAMILY = 4;
				WATCHOS_DEPLOYMENT_TARGET = 11.5;
			};
			name = Debug;
		};
		2AA8CF9D2E142DD0003B2C59 /* Release */ = {
			isa = XCBuildConfiguration;
			buildSettings = {
				ASSETCATALOG_COMPILER_APPICON_NAME = AppIcon;
				ASSETCATALOG_COMPILER_GLOBAL_ACCENT_COLOR_NAME = AccentColor;
				CODE_SIGN_STYLE = Automatic;
				CURRENT_PROJECT_VERSION = 1;
				DEVELOPMENT_TEAM = 888WYS3UC6;
				ENABLE_PREVIEWS = YES;
				GENERATE_INFOPLIST_FILE = YES;
				INFOPLIST_KEY_CFBundleDisplayName = "EchoMe-Affirmations Watch App";
				INFOPLIST_KEY_UISupportedInterfaceOrientations = "UIInterfaceOrientationPortrait UIInterfaceOrientationPortraitUpsideDown";
				INFOPLIST_KEY_WKCompanionAppBundleIdentifier = "MazilePlay.EchoMe-Affirmations";
				LD_RUNPATH_SEARCH_PATHS = (
					"$(inherited)",
					"@executable_path/Frameworks",
				);
				MARKETING_VERSION = 1.0;
				PRODUCT_BUNDLE_IDENTIFIER = "MazilePlay.EchoMe-Affirmations.watchkitapp";
				PRODUCT_NAME = "$(TARGET_NAME)";
				SDKROOT = watchos;
				SKIP_INSTALL = YES;
				SWIFT_EMIT_LOC_STRINGS = YES;
				SWIFT_VERSION = 5.0;
				TARGETED_DEVICE_FAMILY = 4;
				VALIDATE_PRODUCT = YES;
				WATCHOS_DEPLOYMENT_TARGET = 11.5;
			};
			name = Release;
		};
		2AA8CFA02E142DD0003B2C59 /* Debug */ = {
			isa = XCBuildConfiguration;
			buildSettings = {
				BUNDLE_LOADER = "$(TEST_HOST)";
				CODE_SIGN_STYLE = Automatic;
				CURRENT_PROJECT_VERSION = 1;
				DEVELOPMENT_TEAM = 888WYS3UC6;
				GENERATE_INFOPLIST_FILE = YES;
				MARKETING_VERSION = 1.0;
				PRODUCT_BUNDLE_IDENTIFIER = "MazilePlay.EchoMe-Affirmations-Watch-App-Watch-AppTests";
				PRODUCT_NAME = "$(TARGET_NAME)";
				SDKROOT = watchos;
				SWIFT_EMIT_LOC_STRINGS = NO;
				SWIFT_VERSION = 5.0;
				TARGETED_DEVICE_FAMILY = 4;
				TEST_HOST = "$(BUILT_PRODUCTS_DIR)/EchoMe-Affirmations Watch App Watch App.app/$(BUNDLE_EXECUTABLE_FOLDER_PATH)/EchoMe-Affirmations Watch App Watch App";
				WATCHOS_DEPLOYMENT_TARGET = 11.5;
			};
			name = Debug;
		};
		2AA8CFA12E142DD0003B2C59 /* Release */ = {
			isa = XCBuildConfiguration;
			buildSettings = {
				BUNDLE_LOADER = "$(TEST_HOST)";
				CODE_SIGN_STYLE = Automatic;
				CURRENT_PROJECT_VERSION = 1;
				DEVELOPMENT_TEAM = 888WYS3UC6;
				GENERATE_INFOPLIST_FILE = YES;
				MARKETING_VERSION = 1.0;
				PRODUCT_BUNDLE_IDENTIFIER = "MazilePlay.EchoMe-Affirmations-Watch-App-Watch-AppTests";
				PRODUCT_NAME = "$(TARGET_NAME)";
				SDKROOT = watchos;
				SWIFT_EMIT_LOC_STRINGS = NO;
				SWIFT_VERSION = 5.0;
				TARGETED_DEVICE_FAMILY = 4;
				TEST_HOST = "$(BUILT_PRODUCTS_DIR)/EchoMe-Affirmations Watch App Watch App.app/$(BUNDLE_EXECUTABLE_FOLDER_PATH)/EchoMe-Affirmations Watch App Watch App";
				VALIDATE_PRODUCT = YES;
				WATCHOS_DEPLOYMENT_TARGET = 11.5;
			};
			name = Release;
		};
		2AA8CFA32E142DD0003B2C59 /* Debug */ = {
			isa = XCBuildConfiguration;
			buildSettings = {
				CODE_SIGN_STYLE = Automatic;
				CURRENT_PROJECT_VERSION = 1;
				DEVELOPMENT_TEAM = 888WYS3UC6;
				GENERATE_INFOPLIST_FILE = YES;
				MARKETING_VERSION = 1.0;
				PRODUCT_BUNDLE_IDENTIFIER = "MazilePlay.EchoMe-Affirmations-Watch-App-Watch-AppUITests";
				PRODUCT_NAME = "$(TARGET_NAME)";
				SDKROOT = watchos;
				SWIFT_EMIT_LOC_STRINGS = NO;
				SWIFT_VERSION = 5.0;
				TARGETED_DEVICE_FAMILY = 4;
				TEST_TARGET_NAME = "EchoMe-Affirmations Watch App Watch App";
				WATCHOS_DEPLOYMENT_TARGET = 11.5;
			};
			name = Debug;
		};
		2AA8CFA42E142DD0003B2C59 /* Release */ = {
			isa = XCBuildConfiguration;
			buildSettings = {
				CODE_SIGN_STYLE = Automatic;
				CURRENT_PROJECT_VERSION = 1;
				DEVELOPMENT_TEAM = 888WYS3UC6;
				GENERATE_INFOPLIST_FILE = YES;
				MARKETING_VERSION = 1.0;
				PRODUCT_BUNDLE_IDENTIFIER = "MazilePlay.EchoMe-Affirmations-Watch-App-Watch-AppUITests";
				PRODUCT_NAME = "$(TARGET_NAME)";
				SDKROOT = watchos;
				SWIFT_EMIT_LOC_STRINGS = NO;
				SWIFT_VERSION = 5.0;
				TARGETED_DEVICE_FAMILY = 4;
				TEST_TARGET_NAME = "EchoMe-Affirmations Watch App Watch App";
				VALIDATE_PRODUCT = YES;
				WATCHOS_DEPLOYMENT_TARGET = 11.5;
			};
			name = Release;
		};
/* End XCBuildConfiguration section */

/* Begin XCConfigurationList section */
		2AA8CEF12E136F58003B2C59 /* Build configuration list for PBXProject "EchoMe-Affirmations" */ = {
			isa = XCConfigurationList;
			buildConfigurations = (
				2AA8CF182E136F5A003B2C59 /* Debug */,
				2AA8CF192E136F5A003B2C59 /* Release */,
			);
			defaultConfigurationIsVisible = 0;
			defaultConfigurationName = Release;
		};
		2AA8CF1A2E136F5A003B2C59 /* Build configuration list for PBXNativeTarget "EchoMe-Affirmations" */ = {
			isa = XCConfigurationList;
			buildConfigurations = (
				2AA8CF1B2E136F5A003B2C59 /* Debug */,
				2AA8CF1C2E136F5A003B2C59 /* Release */,
			);
			defaultConfigurationIsVisible = 0;
			defaultConfigurationName = Release;
		};
		2AA8CF1D2E136F5A003B2C59 /* Build configuration list for PBXNativeTarget "EchoMe-AffirmationsTests" */ = {
			isa = XCConfigurationList;
			buildConfigurations = (
				2AA8CF1E2E136F5A003B2C59 /* Debug */,
				2AA8CF1F2E136F5A003B2C59 /* Release */,
			);
			defaultConfigurationIsVisible = 0;
			defaultConfigurationName = Release;
		};
		2AA8CF202E136F5A003B2C59 /* Build configuration list for PBXNativeTarget "EchoMe-AffirmationsUITests" */ = {
			isa = XCConfigurationList;
			buildConfigurations = (
				2AA8CF212E136F5A003B2C59 /* Debug */,
				2AA8CF222E136F5A003B2C59 /* Release */,
			);
			defaultConfigurationIsVisible = 0;
			defaultConfigurationName = Release;
		};
		2AA8CF9B2E142DD0003B2C59 /* Build configuration list for PBXNativeTarget "EchoMe-Affirmations Watch App Watch App" */ = {
			isa = XCConfigurationList;
			buildConfigurations = (
				2AA8CF9C2E142DD0003B2C59 /* Debug */,
				2AA8CF9D2E142DD0003B2C59 /* Release */,
			);
			defaultConfigurationIsVisible = 0;
			defaultConfigurationName = Release;
		};
		2AA8CF9F2E142DD0003B2C59 /* Build configuration list for PBXNativeTarget "EchoMe-Affirmations Watch App Watch AppTests" */ = {
			isa = XCConfigurationList;
			buildConfigurations = (
				2AA8CFA02E142DD0003B2C59 /* Debug */,
				2AA8CFA12E142DD0003B2C59 /* Release */,
			);
			defaultConfigurationIsVisible = 0;
			defaultConfigurationName = Release;
		};
		2AA8CFA22E142DD0003B2C59 /* Build configuration list for PBXNativeTarget "EchoMe-Affirmations Watch App Watch AppUITests" */ = {
			isa = XCConfigurationList;
			buildConfigurations = (
				2AA8CFA32E142DD0003B2C59 /* Debug */,
				2AA8CFA42E142DD0003B2C59 /* Release */,
			);
			defaultConfigurationIsVisible = 0;
			defaultConfigurationName = Release;
		};
/* End XCConfigurationList section */

/* Begin XCRemoteSwiftPackageReference section */
		2AA8CF252E13718B003B2C59 /* XCRemoteSwiftPackageReference "firebase-ios-sdk" */ = {
			isa = XCRemoteSwiftPackageReference;
			repositoryURL = "https://github.com/firebase/firebase-ios-sdk";
			requirement = {
				kind = upToNextMajorVersion;
				minimumVersion = 11.15.0;
			};
		};
/* End XCRemoteSwiftPackageReference section */

/* Begin XCSwiftPackageProductDependency section */
		2AA8CF262E13718B003B2C59 /* FirebaseAuth */ = {
			isa = XCSwiftPackageProductDependency;
			package = 2AA8CF252E13718B003B2C59 /* XCRemoteSwiftPackageReference "firebase-ios-sdk" */;
			productName = FirebaseAuth;
		};
		2AA8CF282E13718B003B2C59 /* FirebaseFirestore */ = {
			isa = XCSwiftPackageProductDependency;
			package = 2AA8CF252E13718B003B2C59 /* XCRemoteSwiftPackageReference "firebase-ios-sdk" */;
			productName = FirebaseFirestore;
		};
/* End XCSwiftPackageProductDependency section */
	};
	rootObject = 2AA8CEEE2E136F58003B2C59 /* Project object */;
}
